<?xml version="1.0" encoding="utf-8"?>
<Project ToolsVersion="4.0" xmlns="http://schemas.microsoft.com/developer/msbuild/2003">
  <ItemGroup>
    <Filter Include="Net">
      <UniqueIdentifier>{b4c8f2ea-4704-48fc-9f9f-bf10e951c5cd}</UniqueIdentifier>
    </Filter>
  </ItemGroup>
  <ItemGroup>
    <ClCompile Include="..\..\Net\TLSSocket.cpp">
      <Filter>Net</Filter>
    </ClCompile>
    <ClCompile Include="..\..\Net\TLSSocketListener.cpp">
      <Filter>Net</Filter>
    </ClCompile>
    <ClCompile Include="..\..\Net\Socket.cpp">
      <Filter>Net</Filter>
    </ClCompile>
    <ClCompile Include="..\..\Net\SocketListener.cpp">
      <Filter>Net</Filter>
    </ClCompile>
  </ItemGroup>
  <ItemGroup>
    <ClInclude Include="..\..\Net\TLSSocket.h">
      <Filter>Net</Filter>
    </ClInclude>
    <ClInclude Include="..\..\Net\TLSSocketListener.h">
      <Filter>Net</Filter>
    </ClInclude>
    <ClInclude Include="..\..\Net\Socket.h">
      <Filter>Net</Filter>
    </ClInclude>
    <ClInclude Include="..\..\Net\SocketListener.h">
      <Filter>Net</Filter>
    </ClInclude>
  </ItemGroup>
</Project>