
Microsoft Visual Studio Solution File, Format Version 12.00
# Visual Studio 15
VisualStudioVersion = 15.0.26430.16
MinimumVisualStudioVersion = 10.0.40219.1
Project("{8BC9CEB8-8B4A-11D0-8D11-00A0C91BC942}") = "Webserver", "Webserver\Webserver.vcxproj", "{FDBAD701-CBB0-42E8-8356-875F2115A044}"
EndProject
Project("{8BC9CEB8-8B4A-11D0-8D11-00A0C91BC942}") = "Http", "Http\Http.vcxproj", "{ACA713CB-86E6-4055-93E3-58FFAC5AF91C}"
EndProject
Project("{FAE04EC0-301F-11D3-BF4B-00C04F79EFBC}") = "Webserver.UWP", "Webserver.UWP\Webserver.UWP.csproj", "{8676CA9D-2F09-44CD-A81C-E9C59CF4E494}"
EndProject
Project("{FAE04EC0-301F-11D3-BF4B-00C04F79EFBC}") = "Webserver.Android", "Webserver.Android\Webserver.Android.csproj", "{F67EDA05-12A8-4BD0-996D-5890360A19B7}"
EndProject
Project("{8BC9CEB8-8B4A-11D0-8D11-00A0C91BC942}") = "Webserver.Library.Android", "Webserver.Library.Android\Webserver.Library.Android.vcxproj", "{23CA9276-2BBA-4145-AA53-7172F5D08415}"
EndProject
Project("{2150E333-8FDC-42A3-9474-1A3956D46DE8}") = "NativeDroid", "NativeDroid", "{F3218452-BA9D-45D5-BEC2-4E45AB620A32}"
EndProject
Project("{39E2626F-3545-4960-A6E8-258AD8476CE5}") = "NativeDroid.Packaging", "NativeDroid\NativeDroid.Packaging\NativeDroid.Packaging.androidproj", "{D960E245-3FBF-4DFD-A564-019DCA028BF7}"
EndProject
Project("{8BC9CEB8-8B4A-11D0-8D11-00A0C91BC942}") = "NativeDroid.NativeActivity", "NativeDroid\NativeDroid.NativeActivity\NativeDroid.NativeActivity.vcxproj", "{CAB3F2AA-7740-4E16-A0D3-FF63D85E3C2B}"
EndProject
Project("{8BC9CEB8-8B4A-11D0-8D11-00A0C91BC942}") = "Webserver.UWP.WRL", "Webserver.UWP.WRL\Webserver.UWP.WRL.vcxproj", "{48655DF8-CC2D-401C-874A-0CC9816DAF27}"
EndProject
Project("{8BC9CEB8-8B4A-11D0-8D11-00A0C91BC942}") = "Multicaster", "Multicaster\Multicaster.vcxproj", "{F979941C-52B8-4DDE-A143-5F931C5FC741}"
EndProject
Project("{8BC9CEB8-8B4A-11D0-8D11-00A0C91BC942}") = "Net", "Net\Net.vcxproj", "{4E3228B4-9E9C-4599-803A-AFF5B8DC9935}"
EndProject
Project("{8BC9CEB8-8B4A-11D0-8D11-00A0C91BC942}") = "PHPSapi", "PHPSapi\PHPSapi.vcxproj", "{DF6887EA-2253-4312-A867-ED84102EF473}"
EndProject
Global
	GlobalSection(SolutionConfigurationPlatforms) = preSolution
		Debug|Any CPU = Debug|Any CPU
		Debug|ARM = Debug|ARM
		Debug|ARM64 = Debug|ARM64
		Debug|x64 = Debug|x64
		Debug|x86 = Debug|x86
		Release|Any CPU = Release|Any CPU
		Release|ARM = Release|ARM
		Release|ARM64 = Release|ARM64
		Release|x64 = Release|x64
		Release|x86 = Release|x86
	EndGlobalSection
	GlobalSection(ProjectConfigurationPlatforms) = postSolution
		{FDBAD701-CBB0-42E8-8356-875F2115A044}.Debug|Any CPU.ActiveCfg = Debug|Win32
		{FDBAD701-CBB0-42E8-8356-875F2115A044}.Debug|ARM.ActiveCfg = Debug|ARM
		{FDBAD701-CBB0-42E8-8356-875F2115A044}.Debug|ARM.Build.0 = Debug|ARM
		{FDBAD701-CBB0-42E8-8356-875F2115A044}.Debug|ARM.Deploy.0 = Debug|ARM
		{FDBAD701-CBB0-42E8-8356-875F2115A044}.Debug|ARM64.ActiveCfg = Debug|Win32
		{FDBAD701-CBB0-42E8-8356-875F2115A044}.Debug|x64.ActiveCfg = Debug|x64
		{FDBAD701-CBB0-42E8-8356-875F2115A044}.Debug|x64.Build.0 = Debug|x64
		{FDBAD701-CBB0-42E8-8356-875F2115A044}.Debug|x86.ActiveCfg = Debug|Win32
		{FDBAD701-CBB0-42E8-8356-875F2115A044}.Debug|x86.Build.0 = Debug|Win32
		{FDBAD701-CBB0-42E8-8356-875F2115A044}.Release|Any CPU.ActiveCfg = Release|Win32
		{FDBAD701-CBB0-42E8-8356-875F2115A044}.Release|ARM.ActiveCfg = Release|ARM
		{FDBAD701-CBB0-42E8-8356-875F2115A044}.Release|ARM.Build.0 = Release|ARM
		{FDBAD701-CBB0-42E8-8356-875F2115A044}.Release|ARM.Deploy.0 = Release|ARM
		{FDBAD701-CBB0-42E8-8356-875F2115A044}.Release|ARM64.ActiveCfg = Release|Win32
		{FDBAD701-CBB0-42E8-8356-875F2115A044}.Release|x64.ActiveCfg = Release|x64
		{FDBAD701-CBB0-42E8-8356-875F2115A044}.Release|x64.Build.0 = Release|x64
		{FDBAD701-CBB0-42E8-8356-875F2115A044}.Release|x86.ActiveCfg = Release|Win32
		{FDBAD701-CBB0-42E8-8356-875F2115A044}.Release|x86.Build.0 = Release|Win32
		{ACA713CB-86E6-4055-93E3-58FFAC5AF91C}.Debug|Any CPU.ActiveCfg = Debug|Win32
		{ACA713CB-86E6-4055-93E3-58FFAC5AF91C}.Debug|ARM.ActiveCfg = Debug|Win32
		{ACA713CB-86E6-4055-93E3-58FFAC5AF91C}.Debug|ARM64.ActiveCfg = Debug|Win32
		{ACA713CB-86E6-4055-93E3-58FFAC5AF91C}.Debug|x64.ActiveCfg = Debug|x64
		{ACA713CB-86E6-4055-93E3-58FFAC5AF91C}.Debug|x64.Build.0 = Debug|x64
		{ACA713CB-86E6-4055-93E3-58FFAC5AF91C}.Debug|x86.ActiveCfg = Debug|Win32
		{ACA713CB-86E6-4055-93E3-58FFAC5AF91C}.Debug|x86.Build.0 = Debug|Win32
		{ACA713CB-86E6-4055-93E3-58FFAC5AF91C}.Release|Any CPU.ActiveCfg = Release|Win32
		{ACA713CB-86E6-4055-93E3-58FFAC5AF91C}.Release|ARM.ActiveCfg = Release|Win32
		{ACA713CB-86E6-4055-93E3-58FFAC5AF91C}.Release|ARM64.ActiveCfg = Release|Win32
		{ACA713CB-86E6-4055-93E3-58FFAC5AF91C}.Release|x64.ActiveCfg = Release|x64
		{ACA713CB-86E6-4055-93E3-58FFAC5AF91C}.Release|x64.Build.0 = Release|x64
		{ACA713CB-86E6-4055-93E3-58FFAC5AF91C}.Release|x86.ActiveCfg = Release|Win32
		{ACA713CB-86E6-4055-93E3-58FFAC5AF91C}.Release|x86.Build.0 = Release|Win32
		{8676CA9D-2F09-44CD-A81C-E9C59CF4E494}.Debug|Any CPU.ActiveCfg = Debug|x86
		{8676CA9D-2F09-44CD-A81C-E9C59CF4E494}.Debug|ARM.ActiveCfg = Debug|ARM
		{8676CA9D-2F09-44CD-A81C-E9C59CF4E494}.Debug|ARM.Build.0 = Debug|ARM
		{8676CA9D-2F09-44CD-A81C-E9C59CF4E494}.Debug|ARM.Deploy.0 = Debug|ARM
		{8676CA9D-2F09-44CD-A81C-E9C59CF4E494}.Debug|ARM64.ActiveCfg = Debug|x86
		{8676CA9D-2F09-44CD-A81C-E9C59CF4E494}.Debug|x64.ActiveCfg = Debug|x64
		{8676CA9D-2F09-44CD-A81C-E9C59CF4E494}.Debug|x64.Build.0 = Debug|x64
		{8676CA9D-2F09-44CD-A81C-E9C59CF4E494}.Debug|x64.Deploy.0 = Debug|x64
		{8676CA9D-2F09-44CD-A81C-E9C59CF4E494}.Debug|x86.ActiveCfg = Debug|x86
		{8676CA9D-2F09-44CD-A81C-E9C59CF4E494}.Debug|x86.Build.0 = Debug|x86
		{8676CA9D-2F09-44CD-A81C-E9C59CF4E494}.Debug|x86.Deploy.0 = Debug|x86
		{8676CA9D-2F09-44CD-A81C-E9C59CF4E494}.Release|Any CPU.ActiveCfg = Release|x86
		{8676CA9D-2F09-44CD-A81C-E9C59CF4E494}.Release|ARM.ActiveCfg = Release|ARM
		{8676CA9D-2F09-44CD-A81C-E9C59CF4E494}.Release|ARM.Build.0 = Release|ARM
		{8676CA9D-2F09-44CD-A81C-E9C59CF4E494}.Release|ARM.Deploy.0 = Release|ARM
		{8676CA9D-2F09-44CD-A81C-E9C59CF4E494}.Release|ARM64.ActiveCfg = Release|x86
		{8676CA9D-2F09-44CD-A81C-E9C59CF4E494}.Release|x64.ActiveCfg = Release|x64
		{8676CA9D-2F09-44CD-A81C-E9C59CF4E494}.Release|x64.Build.0 = Release|x64
		{8676CA9D-2F09-44CD-A81C-E9C59CF4E494}.Release|x64.Deploy.0 = Release|x64
		{8676CA9D-2F09-44CD-A81C-E9C59CF4E494}.Release|x86.ActiveCfg = Release|x86
		{8676CA9D-2F09-44CD-A81C-E9C59CF4E494}.Release|x86.Build.0 = Release|x86
		{8676CA9D-2F09-44CD-A81C-E9C59CF4E494}.Release|x86.Deploy.0 = Release|x86
		{F67EDA05-12A8-4BD0-996D-5890360A19B7}.Debug|Any CPU.ActiveCfg = Debug|Any CPU
		{F67EDA05-12A8-4BD0-996D-5890360A19B7}.Debug|Any CPU.Build.0 = Debug|Any CPU
		{F67EDA05-12A8-4BD0-996D-5890360A19B7}.Debug|Any CPU.Deploy.0 = Debug|Any CPU
		{F67EDA05-12A8-4BD0-996D-5890360A19B7}.Debug|ARM.ActiveCfg = Debug|Any CPU
		{F67EDA05-12A8-4BD0-996D-5890360A19B7}.Debug|ARM.Build.0 = Debug|Any CPU
		{F67EDA05-12A8-4BD0-996D-5890360A19B7}.Debug|ARM.Deploy.0 = Debug|Any CPU
		{F67EDA05-12A8-4BD0-996D-5890360A19B7}.Debug|ARM64.ActiveCfg = Debug|Any CPU
		{F67EDA05-12A8-4BD0-996D-5890360A19B7}.Debug|ARM64.Build.0 = Debug|Any CPU
		{F67EDA05-12A8-4BD0-996D-5890360A19B7}.Debug|ARM64.Deploy.0 = Debug|Any CPU
		{F67EDA05-12A8-4BD0-996D-5890360A19B7}.Debug|x64.ActiveCfg = Debug|Any CPU
		{F67EDA05-12A8-4BD0-996D-5890360A19B7}.Debug|x64.Build.0 = Debug|Any CPU
		{F67EDA05-12A8-4BD0-996D-5890360A19B7}.Debug|x64.Deploy.0 = Debug|Any CPU
		{F67EDA05-12A8-4BD0-996D-5890360A19B7}.Debug|x86.ActiveCfg = Debug|Any CPU
		{F67EDA05-12A8-4BD0-996D-5890360A19B7}.Debug|x86.Build.0 = Debug|Any CPU
		{F67EDA05-12A8-4BD0-996D-5890360A19B7}.Debug|x86.Deploy.0 = Debug|Any CPU
		{F67EDA05-12A8-4BD0-996D-5890360A19B7}.Release|Any CPU.ActiveCfg = Release|Any CPU
		{F67EDA05-12A8-4BD0-996D-5890360A19B7}.Release|Any CPU.Build.0 = Release|Any CPU
		{F67EDA05-12A8-4BD0-996D-5890360A19B7}.Release|Any CPU.Deploy.0 = Release|Any CPU
		{F67EDA05-12A8-4BD0-996D-5890360A19B7}.Release|ARM.ActiveCfg = Release|Any CPU
		{F67EDA05-12A8-4BD0-996D-5890360A19B7}.Release|ARM.Build.0 = Release|Any CPU
		{F67EDA05-12A8-4BD0-996D-5890360A19B7}.Release|ARM.Deploy.0 = Release|Any CPU
		{F67EDA05-12A8-4BD0-996D-5890360A19B7}.Release|ARM64.ActiveCfg = Release|Any CPU
		{F67EDA05-12A8-4BD0-996D-5890360A19B7}.Release|ARM64.Build.0 = Release|Any CPU
		{F67EDA05-12A8-4BD0-996D-5890360A19B7}.Release|ARM64.Deploy.0 = Release|Any CPU
		{F67EDA05-12A8-4BD0-996D-5890360A19B7}.Release|x64.ActiveCfg = Release|Any CPU
		{F67EDA05-12A8-4BD0-996D-5890360A19B7}.Release|x64.Build.0 = Release|Any CPU
		{F67EDA05-12A8-4BD0-996D-5890360A19B7}.Release|x64.Deploy.0 = Release|Any CPU
		{F67EDA05-12A8-4BD0-996D-5890360A19B7}.Release|x86.ActiveCfg = Release|Any CPU
		{F67EDA05-12A8-4BD0-996D-5890360A19B7}.Release|x86.Build.0 = Release|Any CPU
		{F67EDA05-12A8-4BD0-996D-5890360A19B7}.Release|x86.Deploy.0 = Release|Any CPU
		{23CA9276-2BBA-4145-AA53-7172F5D08415}.Debug|Any CPU.ActiveCfg = Debug|x64
		{23CA9276-2BBA-4145-AA53-7172F5D08415}.Debug|ARM.ActiveCfg = Debug|ARM
		{23CA9276-2BBA-4145-AA53-7172F5D08415}.Debug|ARM.Build.0 = Debug|ARM
		{23CA9276-2BBA-4145-AA53-7172F5D08415}.Debug|ARM64.ActiveCfg = Debug|ARM64
		{23CA9276-2BBA-4145-AA53-7172F5D08415}.Debug|ARM64.Build.0 = Debug|ARM64
		{23CA9276-2BBA-4145-AA53-7172F5D08415}.Debug|x64.ActiveCfg = Debug|x64
		{23CA9276-2BBA-4145-AA53-7172F5D08415}.Debug|x64.Build.0 = Debug|x64
		{23CA9276-2BBA-4145-AA53-7172F5D08415}.Debug|x86.ActiveCfg = Debug|x86
		{23CA9276-2BBA-4145-AA53-7172F5D08415}.Debug|x86.Build.0 = Debug|x86
		{23CA9276-2BBA-4145-AA53-7172F5D08415}.Release|Any CPU.ActiveCfg = Release|x64
		{23CA9276-2BBA-4145-AA53-7172F5D08415}.Release|Any CPU.Build.0 = Release|x64
		{23CA9276-2BBA-4145-AA53-7172F5D08415}.Release|ARM.ActiveCfg = Release|ARM
		{23CA9276-2BBA-4145-AA53-7172F5D08415}.Release|ARM.Build.0 = Release|ARM
		{23CA9276-2BBA-4145-AA53-7172F5D08415}.Release|ARM64.ActiveCfg = Release|ARM64
		{23CA9276-2BBA-4145-AA53-7172F5D08415}.Release|ARM64.Build.0 = Release|ARM64
		{23CA9276-2BBA-4145-AA53-7172F5D08415}.Release|x64.ActiveCfg = Release|x64
		{23CA9276-2BBA-4145-AA53-7172F5D08415}.Release|x64.Build.0 = Release|x64
		{23CA9276-2BBA-4145-AA53-7172F5D08415}.Release|x86.ActiveCfg = Release|x86
		{23CA9276-2BBA-4145-AA53-7172F5D08415}.Release|x86.Build.0 = Release|x86
		{D960E245-3FBF-4DFD-A564-019DCA028BF7}.Debug|Any CPU.ActiveCfg = Debug|x86
		{D960E245-3FBF-4DFD-A564-019DCA028BF7}.Debug|ARM.ActiveCfg = Debug|ARM
		{D960E245-3FBF-4DFD-A564-019DCA028BF7}.Debug|ARM.Build.0 = Debug|ARM
		{D960E245-3FBF-4DFD-A564-019DCA028BF7}.Debug|ARM.Deploy.0 = Debug|ARM
		{D960E245-3FBF-4DFD-A564-019DCA028BF7}.Debug|ARM64.ActiveCfg = Debug|ARM64
		{D960E245-3FBF-4DFD-A564-019DCA028BF7}.Debug|ARM64.Build.0 = Debug|ARM64
		{D960E245-3FBF-4DFD-A564-019DCA028BF7}.Debug|ARM64.Deploy.0 = Debug|ARM64
		{D960E245-3FBF-4DFD-A564-019DCA028BF7}.Debug|x64.ActiveCfg = Debug|x64
		{D960E245-3FBF-4DFD-A564-019DCA028BF7}.Debug|x64.Build.0 = Debug|x64
		{D960E245-3FBF-4DFD-A564-019DCA028BF7}.Debug|x64.Deploy.0 = Debug|x64
		{D960E245-3FBF-4DFD-A564-019DCA028BF7}.Debug|x86.ActiveCfg = Debug|x86
		{D960E245-3FBF-4DFD-A564-019DCA028BF7}.Debug|x86.Build.0 = Debug|x86
		{D960E245-3FBF-4DFD-A564-019DCA028BF7}.Debug|x86.Deploy.0 = Debug|x86
		{D960E245-3FBF-4DFD-A564-019DCA028BF7}.Release|Any CPU.ActiveCfg = Release|x86
		{D960E245-3FBF-4DFD-A564-019DCA028BF7}.Release|ARM.ActiveCfg = Release|ARM
		{D960E245-3FBF-4DFD-A564-019DCA028BF7}.Release|ARM.Build.0 = Release|ARM
		{D960E245-3FBF-4DFD-A564-019DCA028BF7}.Release|ARM.Deploy.0 = Release|ARM
		{D960E245-3FBF-4DFD-A564-019DCA028BF7}.Release|ARM64.ActiveCfg = Release|ARM64
		{D960E245-3FBF-4DFD-A564-019DCA028BF7}.Release|ARM64.Build.0 = Release|ARM64
		{D960E245-3FBF-4DFD-A564-019DCA028BF7}.Release|ARM64.Deploy.0 = Release|ARM64
		{D960E245-3FBF-4DFD-A564-019DCA028BF7}.Release|x64.ActiveCfg = Release|x64
		{D960E245-3FBF-4DFD-A564-019DCA028BF7}.Release|x64.Build.0 = Release|x64
		{D960E245-3FBF-4DFD-A564-019DCA028BF7}.Release|x64.Deploy.0 = Release|x64
		{D960E245-3FBF-4DFD-A564-019DCA028BF7}.Release|x86.ActiveCfg = Release|x86
		{D960E245-3FBF-4DFD-A564-019DCA028BF7}.Release|x86.Build.0 = Release|x86
		{D960E245-3FBF-4DFD-A564-019DCA028BF7}.Release|x86.Deploy.0 = Release|x86
		{CAB3F2AA-7740-4E16-A0D3-FF63D85E3C2B}.Debug|Any CPU.ActiveCfg = Debug|x86
		{CAB3F2AA-7740-4E16-A0D3-FF63D85E3C2B}.Debug|ARM.ActiveCfg = Debug|ARM
		{CAB3F2AA-7740-4E16-A0D3-FF63D85E3C2B}.Debug|ARM.Build.0 = Debug|ARM
		{CAB3F2AA-7740-4E16-A0D3-FF63D85E3C2B}.Debug|ARM64.ActiveCfg = Debug|ARM64
		{CAB3F2AA-7740-4E16-A0D3-FF63D85E3C2B}.Debug|ARM64.Build.0 = Debug|ARM64
		{CAB3F2AA-7740-4E16-A0D3-FF63D85E3C2B}.Debug|x64.ActiveCfg = Debug|x64
		{CAB3F2AA-7740-4E16-A0D3-FF63D85E3C2B}.Debug|x64.Build.0 = Debug|x64
		{CAB3F2AA-7740-4E16-A0D3-FF63D85E3C2B}.Debug|x86.ActiveCfg = Debug|x86
		{CAB3F2AA-7740-4E16-A0D3-FF63D85E3C2B}.Debug|x86.Build.0 = Debug|x86
		{CAB3F2AA-7740-4E16-A0D3-FF63D85E3C2B}.Release|Any CPU.ActiveCfg = Release|x86
		{CAB3F2AA-7740-4E16-A0D3-FF63D85E3C2B}.Release|ARM.ActiveCfg = Release|ARM
		{CAB3F2AA-7740-4E16-A0D3-FF63D85E3C2B}.Release|ARM.Build.0 = Release|ARM
		{CAB3F2AA-7740-4E16-A0D3-FF63D85E3C2B}.Release|ARM64.ActiveCfg = Release|ARM64
		{CAB3F2AA-7740-4E16-A0D3-FF63D85E3C2B}.Release|ARM64.Build.0 = Release|ARM64
		{CAB3F2AA-7740-4E16-A0D3-FF63D85E3C2B}.Release|x64.ActiveCfg = Release|x64
		{CAB3F2AA-7740-4E16-A0D3-FF63D85E3C2B}.Release|x64.Build.0 = Release|x64
		{CAB3F2AA-7740-4E16-A0D3-FF63D85E3C2B}.Release|x86.ActiveCfg = Release|x86
		{CAB3F2AA-7740-4E16-A0D3-FF63D85E3C2B}.Release|x86.Build.0 = Release|x86
		{48655DF8-CC2D-401C-874A-0CC9816DAF27}.Debug|Any CPU.ActiveCfg = Debug|Win32
		{48655DF8-CC2D-401C-874A-0CC9816DAF27}.Debug|ARM.ActiveCfg = Debug|ARM
		{48655DF8-CC2D-401C-874A-0CC9816DAF27}.Debug|ARM.Build.0 = Debug|ARM
		{48655DF8-CC2D-401C-874A-0CC9816DAF27}.Debug|ARM.Deploy.0 = Debug|ARM
		{48655DF8-CC2D-401C-874A-0CC9816DAF27}.Debug|ARM64.ActiveCfg = Debug|Win32
		{48655DF8-CC2D-401C-874A-0CC9816DAF27}.Debug|x64.ActiveCfg = Debug|x64
		{48655DF8-CC2D-401C-874A-0CC9816DAF27}.Debug|x64.Build.0 = Debug|x64
		{48655DF8-CC2D-401C-874A-0CC9816DAF27}.Debug|x64.Deploy.0 = Debug|x64
		{48655DF8-CC2D-401C-874A-0CC9816DAF27}.Debug|x86.ActiveCfg = Debug|Win32
		{48655DF8-CC2D-401C-874A-0CC9816DAF27}.Debug|x86.Build.0 = Debug|Win32
		{48655DF8-CC2D-401C-874A-0CC9816DAF27}.Debug|x86.Deploy.0 = Debug|Win32
		{48655DF8-CC2D-401C-874A-0CC9816DAF27}.Release|Any CPU.ActiveCfg = Release|Win32
		{48655DF8-CC2D-401C-874A-0CC9816DAF27}.Release|ARM.ActiveCfg = Release|ARM
		{48655DF8-CC2D-401C-874A-0CC9816DAF27}.Release|ARM.Build.0 = Release|ARM
		{48655DF8-CC2D-401C-874A-0CC9816DAF27}.Release|ARM.Deploy.0 = Release|ARM
		{48655DF8-CC2D-401C-874A-0CC9816DAF27}.Release|ARM64.ActiveCfg = Release|Win32
		{48655DF8-CC2D-401C-874A-0CC9816DAF27}.Release|x64.ActiveCfg = Release|x64
		{48655DF8-CC2D-401C-874A-0CC9816DAF27}.Release|x64.Build.0 = Release|x64
		{48655DF8-CC2D-401C-874A-0CC9816DAF27}.Release|x64.Deploy.0 = Release|x64
		{48655DF8-CC2D-401C-874A-0CC9816DAF27}.Release|x86.ActiveCfg = Release|Win32
		{48655DF8-CC2D-401C-874A-0CC9816DAF27}.Release|x86.Build.0 = Release|Win32
		{48655DF8-CC2D-401C-874A-0CC9816DAF27}.Release|x86.Deploy.0 = Release|Win32
		{F979941C-52B8-4DDE-A143-5F931C5FC741}.Debug|Any CPU.ActiveCfg = Debug|Win32
		{F979941C-52B8-4DDE-A143-5F931C5FC741}.Debug|ARM.ActiveCfg = Debug|Win32
		{F979941C-52B8-4DDE-A143-5F931C5FC741}.Debug|ARM64.ActiveCfg = Debug|Win32
		{F979941C-52B8-4DDE-A143-5F931C5FC741}.Debug|x64.ActiveCfg = Debug|x64
		{F979941C-52B8-4DDE-A143-5F931C5FC741}.Debug|x64.Build.0 = Debug|x64
		{F979941C-52B8-4DDE-A143-5F931C5FC741}.Debug|x86.ActiveCfg = Debug|Win32
		{F979941C-52B8-4DDE-A143-5F931C5FC741}.Debug|x86.Build.0 = Debug|Win32
		{F979941C-52B8-4DDE-A143-5F931C5FC741}.Release|Any CPU.ActiveCfg = Release|Win32
		{F979941C-52B8-4DDE-A143-5F931C5FC741}.Release|ARM.ActiveCfg = Release|Win32
		{F979941C-52B8-4DDE-A143-5F931C5FC741}.Release|ARM64.ActiveCfg = Release|Win32
		{F979941C-52B8-4DDE-A143-5F931C5FC741}.Release|x64.ActiveCfg = Release|x64
		{F979941C-52B8-4DDE-A143-5F931C5FC741}.Release|x64.Build.0 = Release|x64
		{F979941C-52B8-4DDE-A143-5F931C5FC741}.Release|x86.ActiveCfg = Release|Win32
		{F979941C-52B8-4DDE-A143-5F931C5FC741}.Release|x86.Build.0 = Release|Win32
		{4E3228B4-9E9C-4599-803A-AFF5B8DC9935}.Debug|Any CPU.ActiveCfg = Debug|Win32
		{4E3228B4-9E9C-4599-803A-AFF5B8DC9935}.Debug|ARM.ActiveCfg = Debug|ARM
		{4E3228B4-9E9C-4599-803A-AFF5B8DC9935}.Debug|ARM.Build.0 = Debug|ARM
		{4E3228B4-9E9C-4599-803A-AFF5B8DC9935}.Debug|ARM.Deploy.0 = Debug|ARM
		{4E3228B4-9E9C-4599-803A-AFF5B8DC9935}.Debug|ARM64.ActiveCfg = Debug|Win32
		{4E3228B4-9E9C-4599-803A-AFF5B8DC9935}.Debug|x64.ActiveCfg = Debug|x64
		{4E3228B4-9E9C-4599-803A-AFF5B8DC9935}.Debug|x64.Build.0 = Debug|x64
		{4E3228B4-9E9C-4599-803A-AFF5B8DC9935}.Debug|x86.ActiveCfg = Debug|Win32
		{4E3228B4-9E9C-4599-803A-AFF5B8DC9935}.Debug|x86.Build.0 = Debug|Win32
		{4E3228B4-9E9C-4599-803A-AFF5B8DC9935}.Release|Any CPU.ActiveCfg = Release|Win32
		{4E3228B4-9E9C-4599-803A-AFF5B8DC9935}.Release|ARM.ActiveCfg = Release|ARM
		{4E3228B4-9E9C-4599-803A-AFF5B8DC9935}.Release|ARM.Build.0 = Release|ARM
		{4E3228B4-9E9C-4599-803A-AFF5B8DC9935}.Release|ARM.Deploy.0 = Release|ARM
		{4E3228B4-9E9C-4599-803A-AFF5B8DC9935}.Release|ARM64.ActiveCfg = Release|Win32
		{4E3228B4-9E9C-4599-803A-AFF5B8DC9935}.Release|x64.ActiveCfg = Release|x64
		{4E3228B4-9E9C-4599-803A-AFF5B8DC9935}.Release|x64.Build.0 = Release|x64
		{4E3228B4-9E9C-4599-803A-AFF5B8DC9935}.Release|x86.ActiveCfg = Release|Win32
		{4E3228B4-9E9C-4599-803A-AFF5B8DC9935}.Release|x86.Build.0 = Release|Win32
		{DF6887EA-2253-4312-A867-ED84102EF473}.Debug|Any CPU.ActiveCfg = Debug|Win32
		{DF6887EA-2253-4312-A867-ED84102EF473}.Debug|ARM.ActiveCfg = Debug|ARM
		{DF6887EA-2253-4312-A867-ED84102EF473}.Debug|ARM.Build.0 = Debug|ARM
		{DF6887EA-2253-4312-A867-ED84102EF473}.Debug|ARM64.ActiveCfg = Debug|Win32
		{DF6887EA-2253-4312-A867-ED84102EF473}.Debug|x64.ActiveCfg = Debug|x64
		{DF6887EA-2253-4312-A867-ED84102EF473}.Debug|x64.Build.0 = Debug|x64
		{DF6887EA-2253-4312-A867-ED84102EF473}.Debug|x86.ActiveCfg = Debug|Win32
		{DF6887EA-2253-4312-A867-ED84102EF473}.Debug|x86.Build.0 = Debug|Win32
		{DF6887EA-2253-4312-A867-ED84102EF473}.Release|Any CPU.ActiveCfg = Release|Win32
		{DF6887EA-2253-4312-A867-ED84102EF473}.Release|ARM.ActiveCfg = Release|ARM
		{DF6887EA-2253-4312-A867-ED84102EF473}.Release|ARM.Build.0 = Release|ARM
		{DF6887EA-2253-4312-A867-ED84102EF473}.Release|ARM64.ActiveCfg = Release|Win32
		{DF6887EA-2253-4312-A867-ED84102EF473}.Release|x64.ActiveCfg = Release|x64
		{DF6887EA-2253-4312-A867-ED84102EF473}.Release|x64.Build.0 = Release|x64
		{DF6887EA-2253-4312-A867-ED84102EF473}.Release|x86.ActiveCfg = Release|Win32
		{DF6887EA-2253-4312-A867-ED84102EF473}.Release|x86.Build.0 = Release|Win32
	EndGlobalSection
	GlobalSection(SolutionProperties) = preSolution
		HideSolutionNode = FALSE
	EndGlobalSection
	GlobalSection(NestedProjects) = preSolution
		{D960E245-3FBF-4DFD-A564-019DCA028BF7} = {F3218452-BA9D-45D5-BEC2-4E45AB620A32}
		{CAB3F2AA-7740-4E16-A0D3-FF63D85E3C2B} = {F3218452-BA9D-45D5-BEC2-4E45AB620A32}
	EndGlobalSection
EndGlobal
